// !$*UTF8*$!
{
	archiveVersion = 1;
	classes = {
	};
	objectVersion = 46;
	objects = {

/* Begin PBXBuildFile section */
		5C016369164531BA00CD5C40 /* UIKit.framework in Frameworks */ = {isa = PBXBuildFile; fileRef = 5C016368164531BA00CD5C40 /* UIKit.framework */; };
		5C01636B164531BA00CD5C40 /* Foundation.framework in Frameworks */ = {isa = PBXBuildFile; fileRef = 5C01636A164531BA00CD5C40 /* Foundation.framework */; };
		5C01636D164531BA00CD5C40 /* CoreGraphics.framework in Frameworks */ = {isa = PBXBuildFile; fileRef = 5C01636C164531BA00CD5C40 /* CoreGraphics.framework */; };
		5C016373164531BA00CD5C40 /* InfoPlist.strings in Resources */ = {isa = PBXBuildFile; fileRef = 5C016371164531BA00CD5C40 /* InfoPlist.strings */; };
		5C016375164531BA00CD5C40 /* main.m in Sources */ = {isa = PBXBuildFile; fileRef = 5C016374164531BA00CD5C40 /* main.m */; };
		5C016379164531BA00CD5C40 /* KSAppDelegate.m in Sources */ = {isa = PBXBuildFile; fileRef = 5C016378164531BA00CD5C40 /* KSAppDelegate.m */; };
		5C01637B164531BA00CD5C40 /* Default.png in Resources */ = {isa = PBXBuildFile; fileRef = 5C01637A164531BA00CD5C40 /* Default.png */; };
		5C01637D164531BA00CD5C40 /* Default@2x.png in Resources */ = {isa = PBXBuildFile; fileRef = 5C01637C164531BA00CD5C40 /* Default@2x.png */; };
		5C01637F164531BA00CD5C40 /* Default-568h@2x.png in Resources */ = {isa = PBXBuildFile; fileRef = 5C01637E164531BA00CD5C40 /* Default-568h@2x.png */; };
		5C016382164531BA00CD5C40 /* MainStoryboard.storyboard in Resources */ = {isa = PBXBuildFile; fileRef = 5C016380164531BA00CD5C40 /* MainStoryboard.storyboard */; };
		5C016385164531BA00CD5C40 /* KSMasterViewController.m in Sources */ = {isa = PBXBuildFile; fileRef = 5C016384164531BA00CD5C40 /* KSMasterViewController.m */; };
		5C016388164531BA00CD5C40 /* KSDetailViewController.m in Sources */ = {isa = PBXBuildFile; fileRef = 5C016387164531BA00CD5C40 /* KSDetailViewController.m */; };
		5C016390164531BA00CD5C40 /* SenTestingKit.framework in Frameworks */ = {isa = PBXBuildFile; fileRef = 5C01638F164531BA00CD5C40 /* SenTestingKit.framework */; };
		5C016391164531BA00CD5C40 /* UIKit.framework in Frameworks */ = {isa = PBXBuildFile; fileRef = 5C016368164531BA00CD5C40 /* UIKit.framework */; };
		5C016392164531BA00CD5C40 /* Foundation.framework in Frameworks */ = {isa = PBXBuildFile; fileRef = 5C01636A164531BA00CD5C40 /* Foundation.framework */; };
		5C01639A164531BA00CD5C40 /* InfoPlist.strings in Resources */ = {isa = PBXBuildFile; fileRef = 5C016398164531BA00CD5C40 /* InfoPlist.strings */; };
		5C0163AB1645348600CD5C40 /* KSTopicTests.m in Sources */ = {isa = PBXBuildFile; fileRef = 5C0163AA1645348600CD5C40 /* KSTopicTests.m */; };
		5C0163AF164534F100CD5C40 /* KSTopic.m in Sources */ = {isa = PBXBuildFile; fileRef = 5C0163AE164534F100CD5C40 /* KSTopic.m */; };
		5C0163B1164534F600CD5C40 /* KSTopic.m in Sources */ = {isa = PBXBuildFile; fileRef = 5C0163AE164534F100CD5C40 /* KSTopic.m */; };
		5C0163B416453BFE00CD5C40 /* KSQuestionTests.m in Sources */ = {isa = PBXBuildFile; fileRef = 5C0163B316453BFE00CD5C40 /* KSQuestionTests.m */; };
		5C0163B716453C5A00CD5C40 /* KSQuestion.m in Sources */ = {isa = PBXBuildFile; fileRef = 5C0163B616453C5A00CD5C40 /* KSQuestion.m */; };
		5C0163B816453C5A00CD5C40 /* KSQuestion.m in Sources */ = {isa = PBXBuildFile; fileRef = 5C0163B616453C5A00CD5C40 /* KSQuestion.m */; };
		5C0163BB1645447100CD5C40 /* KSPersonTests.m in Sources */ = {isa = PBXBuildFile; fileRef = 5C0163BA1645447100CD5C40 /* KSPersonTests.m */; };
		5C0163BE1645475100CD5C40 /* KSPerson.m in Sources */ = {isa = PBXBuildFile; fileRef = 5C0163BD1645475100CD5C40 /* KSPerson.m */; };
		5C0163BF1645475100CD5C40 /* KSPerson.m in Sources */ = {isa = PBXBuildFile; fileRef = 5C0163BD1645475100CD5C40 /* KSPerson.m */; };
		5C0163C21645508200CD5C40 /* KSAnswerTests.m in Sources */ = {isa = PBXBuildFile; fileRef = 5C0163C11645508200CD5C40 /* KSAnswerTests.m */; };
		5C0163C5164552F000CD5C40 /* KSAnswer.m in Sources */ = {isa = PBXBuildFile; fileRef = 5C0163C4164552F000CD5C40 /* KSAnswer.m */; };
		5C0163C6164552F000CD5C40 /* KSAnswer.m in Sources */ = {isa = PBXBuildFile; fileRef = 5C0163C4164552F000CD5C40 /* KSAnswer.m */; };
		5C1504B7164F130D00B36F49 /* KSQuestionBuilder.m in Sources */ = {isa = PBXBuildFile; fileRef = 5C1504B6164F130D00B36F49 /* KSQuestionBuilder.m */; };
		5C1504B8164F134300B36F49 /* KSQuestionBuilder.m in Sources */ = {isa = PBXBuildFile; fileRef = 5C1504B6164F130D00B36F49 /* KSQuestionBuilder.m */; };
		5C1504BC164FDD6400B36F49 /* KSQuestionBuilderMock.m in Sources */ = {isa = PBXBuildFile; fileRef = 5C1504BB164FDD6400B36F49 /* KSQuestionBuilderMock.m */; };
		5C1504BF164FEB2200B36F49 /* KSQuestionBuilderTests.m in Sources */ = {isa = PBXBuildFile; fileRef = 5C1504BE164FEB2200B36F49 /* KSQuestionBuilderTests.m */; };
		5C1EE2B016E20F0B00F0AB67 /* KSAnswerBuilderTests.m in Sources */ = {isa = PBXBuildFile; fileRef = 5C1EE2AF16E20F0B00F0AB67 /* KSAnswerBuilderTests.m */; };
		5C1EE2B316E20FB000F0AB67 /* KSAnswerBuilder.m in Sources */ = {isa = PBXBuildFile; fileRef = 5C1EE2B216E20FB000F0AB67 /* KSAnswerBuilder.m */; };
		5C1EE2B416E20FBD00F0AB67 /* KSAnswerBuilder.m in Sources */ = {isa = PBXBuildFile; fileRef = 5C1EE2B216E20FB000F0AB67 /* KSAnswerBuilder.m */; };
		5C75A9FB1649A53C00FC7903 /* KSStackOverflowCommunicator.m in Sources */ = {isa = PBXBuildFile; fileRef = 5C75A9FA1649A53C00FC7903 /* KSStackOverflowCommunicator.m */; };
		5C75A9FC1649A53C00FC7903 /* KSStackOverflowCommunicator.m in Sources */ = {isa = PBXBuildFile; fileRef = 5C75A9FA1649A53C00FC7903 /* KSStackOverflowCommunicator.m */; };
		5C83285516486A7700439674 /* KSQuestionCreationWorkflowTests.m in Sources */ = {isa = PBXBuildFile; fileRef = 5C83285416486A7700439674 /* KSQuestionCreationWorkflowTests.m */; };
		5C83285916486B6800439674 /* KSStackOverflowManager.m in Sources */ = {isa = PBXBuildFile; fileRef = 5C83285816486B6800439674 /* KSStackOverflowManager.m */; };
		5C83285A16486B6800439674 /* KSStackOverflowManager.m in Sources */ = {isa = PBXBuildFile; fileRef = 5C83285816486B6800439674 /* KSStackOverflowManager.m */; };
		5C8387E516F7BC3500CE31C9 /* KSPersonBuilder.m in Sources */ = {isa = PBXBuildFile; fileRef = 5C8387E416F7BC3500CE31C9 /* KSPersonBuilder.m */; };
		5C8387E816F7C4FA00CE31C9 /* KSStackOverflowCommunicatorTests.m in Sources */ = {isa = PBXBuildFile; fileRef = 5C8387E716F7C4FA00CE31C9 /* KSStackOverflowCommunicatorTests.m */; };
		5C8387EC16F7C5E800CE31C9 /* KSInspectableStackOverflowCommunicator.m in Sources */ = {isa = PBXBuildFile; fileRef = 5C8387EB16F7C5E800CE31C9 /* KSInspectableStackOverflowCommunicator.m */; };
		5CE9FA951649A3EF00ED0C13 /* libOCMock.a in Frameworks */ = {isa = PBXBuildFile; fileRef = 5CE9FA8E1649A3EF00ED0C13 /* libOCMock.a */; };
/* End PBXBuildFile section */

/* Begin PBXContainerItemProxy section */
		5C016393164531BA00CD5C40 /* PBXContainerItemProxy */ = {
			isa = PBXContainerItemProxy;
			containerPortal = 5C01635B164531BA00CD5C40 /* Project object */;
			proxyType = 1;
			remoteGlobalIDString = 5C016363164531BA00CD5C40;
			remoteInfo = "browse-overflow";
		};
/* End PBXContainerItemProxy section */

/* Begin PBXFileReference section */
		5C016364164531BA00CD5C40 /* browse-overflow.app */ = {isa = PBXFileReference; explicitFileType = wrapper.application; includeInIndex = 0; path = "browse-overflow.app"; sourceTree = BUILT_PRODUCTS_DIR; };
		5C016368164531BA00CD5C40 /* UIKit.framework */ = {isa = PBXFileReference; lastKnownFileType = wrapper.framework; name = UIKit.framework; path = System/Library/Frameworks/UIKit.framework; sourceTree = SDKROOT; };
		5C01636A164531BA00CD5C40 /* Foundation.framework */ = {isa = PBXFileReference; lastKnownFileType = wrapper.framework; name = Foundation.framework; path = System/Library/Frameworks/Foundation.framework; sourceTree = SDKROOT; };
		5C01636C164531BA00CD5C40 /* CoreGraphics.framework */ = {isa = PBXFileReference; lastKnownFileType = wrapper.framework; name = CoreGraphics.framework; path = System/Library/Frameworks/CoreGraphics.framework; sourceTree = SDKROOT; };
		5C016370164531BA00CD5C40 /* browse-overflow-Info.plist */ = {isa = PBXFileReference; lastKnownFileType = text.plist.xml; path = "browse-overflow-Info.plist"; sourceTree = "<group>"; };
		5C016372164531BA00CD5C40 /* en */ = {isa = PBXFileReference; lastKnownFileType = text.plist.strings; name = en; path = en.lproj/InfoPlist.strings; sourceTree = "<group>"; };
		5C016374164531BA00CD5C40 /* main.m */ = {isa = PBXFileReference; lastKnownFileType = sourcecode.c.objc; path = main.m; sourceTree = "<group>"; };
		5C016376164531BA00CD5C40 /* browse-overflow-Prefix.pch */ = {isa = PBXFileReference; lastKnownFileType = sourcecode.c.h; path = "browse-overflow-Prefix.pch"; sourceTree = "<group>"; };
		5C016377164531BA00CD5C40 /* KSAppDelegate.h */ = {isa = PBXFileReference; lastKnownFileType = sourcecode.c.h; path = KSAppDelegate.h; sourceTree = "<group>"; };
		5C016378164531BA00CD5C40 /* KSAppDelegate.m */ = {isa = PBXFileReference; lastKnownFileType = sourcecode.c.objc; path = KSAppDelegate.m; sourceTree = "<group>"; };
		5C01637A164531BA00CD5C40 /* Default.png */ = {isa = PBXFileReference; lastKnownFileType = image.png; path = Default.png; sourceTree = "<group>"; };
		5C01637C164531BA00CD5C40 /* Default@2x.png */ = {isa = PBXFileReference; lastKnownFileType = image.png; path = "Default@2x.png"; sourceTree = "<group>"; };
		5C01637E164531BA00CD5C40 /* Default-568h@2x.png */ = {isa = PBXFileReference; lastKnownFileType = image.png; path = "Default-568h@2x.png"; sourceTree = "<group>"; };
		5C016381164531BA00CD5C40 /* en */ = {isa = PBXFileReference; lastKnownFileType = file.storyboard; name = en; path = en.lproj/MainStoryboard.storyboard; sourceTree = "<group>"; };
		5C016383164531BA00CD5C40 /* KSMasterViewController.h */ = {isa = PBXFileReference; lastKnownFileType = sourcecode.c.h; path = KSMasterViewController.h; sourceTree = "<group>"; };
		5C016384164531BA00CD5C40 /* KSMasterViewController.m */ = {isa = PBXFileReference; lastKnownFileType = sourcecode.c.objc; path = KSMasterViewController.m; sourceTree = "<group>"; };
		5C016386164531BA00CD5C40 /* KSDetailViewController.h */ = {isa = PBXFileReference; lastKnownFileType = sourcecode.c.h; path = KSDetailViewController.h; sourceTree = "<group>"; };
		5C016387164531BA00CD5C40 /* KSDetailViewController.m */ = {isa = PBXFileReference; lastKnownFileType = sourcecode.c.objc; path = KSDetailViewController.m; sourceTree = "<group>"; };
		5C01638E164531BA00CD5C40 /* browse-overflowTests.octest */ = {isa = PBXFileReference; explicitFileType = wrapper.cfbundle; includeInIndex = 0; path = "browse-overflowTests.octest"; sourceTree = BUILT_PRODUCTS_DIR; };
		5C01638F164531BA00CD5C40 /* SenTestingKit.framework */ = {isa = PBXFileReference; lastKnownFileType = wrapper.framework; name = SenTestingKit.framework; path = Library/Frameworks/SenTestingKit.framework; sourceTree = DEVELOPER_DIR; };
		5C016397164531BA00CD5C40 /* browse-overflowTests-Info.plist */ = {isa = PBXFileReference; lastKnownFileType = text.plist.xml; path = "browse-overflowTests-Info.plist"; sourceTree = "<group>"; };
		5C016399164531BA00CD5C40 /* en */ = {isa = PBXFileReference; lastKnownFileType = text.plist.strings; name = en; path = en.lproj/InfoPlist.strings; sourceTree = "<group>"; };
		5C0163A91645348600CD5C40 /* KSTopicTests.h */ = {isa = PBXFileReference; fileEncoding = 4; lastKnownFileType = sourcecode.c.h; path = KSTopicTests.h; sourceTree = "<group>"; };
		5C0163AA1645348600CD5C40 /* KSTopicTests.m */ = {isa = PBXFileReference; fileEncoding = 4; lastKnownFileType = sourcecode.c.objc; path = KSTopicTests.m; sourceTree = "<group>"; };
		5C0163AD164534F100CD5C40 /* KSTopic.h */ = {isa = PBXFileReference; fileEncoding = 4; lastKnownFileType = sourcecode.c.h; path = KSTopic.h; sourceTree = "<group>"; };
		5C0163AE164534F100CD5C40 /* KSTopic.m */ = {isa = PBXFileReference; fileEncoding = 4; lastKnownFileType = sourcecode.c.objc; path = KSTopic.m; sourceTree = "<group>"; };
		5C0163B216453BFE00CD5C40 /* KSQuestionTests.h */ = {isa = PBXFileReference; fileEncoding = 4; lastKnownFileType = sourcecode.c.h; path = KSQuestionTests.h; sourceTree = "<group>"; };
		5C0163B316453BFE00CD5C40 /* KSQuestionTests.m */ = {isa = PBXFileReference; fileEncoding = 4; lastKnownFileType = sourcecode.c.objc; path = KSQuestionTests.m; sourceTree = "<group>"; };
		5C0163B516453C5A00CD5C40 /* KSQuestion.h */ = {isa = PBXFileReference; fileEncoding = 4; lastKnownFileType = sourcecode.c.h; path = KSQuestion.h; sourceTree = "<group>"; };
		5C0163B616453C5A00CD5C40 /* KSQuestion.m */ = {isa = PBXFileReference; fileEncoding = 4; lastKnownFileType = sourcecode.c.objc; path = KSQuestion.m; sourceTree = "<group>"; };
		5C0163B91645447100CD5C40 /* KSPersonTests.h */ = {isa = PBXFileReference; fileEncoding = 4; lastKnownFileType = sourcecode.c.h; path = KSPersonTests.h; sourceTree = "<group>"; };
		5C0163BA1645447100CD5C40 /* KSPersonTests.m */ = {isa = PBXFileReference; fileEncoding = 4; lastKnownFileType = sourcecode.c.objc; path = KSPersonTests.m; sourceTree = "<group>"; };
		5C0163BC1645475100CD5C40 /* KSPerson.h */ = {isa = PBXFileReference; fileEncoding = 4; lastKnownFileType = sourcecode.c.h; path = KSPerson.h; sourceTree = "<group>"; };
		5C0163BD1645475100CD5C40 /* KSPerson.m */ = {isa = PBXFileReference; fileEncoding = 4; lastKnownFileType = sourcecode.c.objc; path = KSPerson.m; sourceTree = "<group>"; };
		5C0163C01645508200CD5C40 /* KSAnswerTests.h */ = {isa = PBXFileReference; fileEncoding = 4; lastKnownFileType = sourcecode.c.h; path = KSAnswerTests.h; sourceTree = "<group>"; };
		5C0163C11645508200CD5C40 /* KSAnswerTests.m */ = {isa = PBXFileReference; fileEncoding = 4; lastKnownFileType = sourcecode.c.objc; path = KSAnswerTests.m; sourceTree = "<group>"; };
		5C0163C3164552F000CD5C40 /* KSAnswer.h */ = {isa = PBXFileReference; fileEncoding = 4; lastKnownFileType = sourcecode.c.h; path = KSAnswer.h; sourceTree = "<group>"; };
		5C0163C4164552F000CD5C40 /* KSAnswer.m */ = {isa = PBXFileReference; fileEncoding = 4; lastKnownFileType = sourcecode.c.objc; path = KSAnswer.m; sourceTree = "<group>"; };
		5C1504B5164F130D00B36F49 /* KSQuestionBuilder.h */ = {isa = PBXFileReference; fileEncoding = 4; lastKnownFileType = sourcecode.c.h; path = KSQuestionBuilder.h; sourceTree = "<group>"; };
		5C1504B6164F130D00B36F49 /* KSQuestionBuilder.m */ = {isa = PBXFileReference; fileEncoding = 4; lastKnownFileType = sourcecode.c.objc; path = KSQuestionBuilder.m; sourceTree = "<group>"; };
		5C1504BA164FDD6400B36F49 /* KSQuestionBuilderMock.h */ = {isa = PBXFileReference; fileEncoding = 4; lastKnownFileType = sourcecode.c.h; path = KSQuestionBuilderMock.h; sourceTree = "<group>"; };
		5C1504BB164FDD6400B36F49 /* KSQuestionBuilderMock.m */ = {isa = PBXFileReference; fileEncoding = 4; lastKnownFileType = sourcecode.c.objc; path = KSQuestionBuilderMock.m; sourceTree = "<group>"; };
		5C1504BD164FEB2200B36F49 /* KSQuestionBuilderTests.h */ = {isa = PBXFileReference; fileEncoding = 4; lastKnownFileType = sourcecode.c.h; path = KSQuestionBuilderTests.h; sourceTree = "<group>"; };
		5C1504BE164FEB2200B36F49 /* KSQuestionBuilderTests.m */ = {isa = PBXFileReference; fileEncoding = 4; lastKnownFileType = sourcecode.c.objc; path = KSQuestionBuilderTests.m; sourceTree = "<group>"; };
		5C1EE2AE16E20F0B00F0AB67 /* KSAnswerBuilderTests.h */ = {isa = PBXFileReference; fileEncoding = 4; lastKnownFileType = sourcecode.c.h; path = KSAnswerBuilderTests.h; sourceTree = "<group>"; };
		5C1EE2AF16E20F0B00F0AB67 /* KSAnswerBuilderTests.m */ = {isa = PBXFileReference; fileEncoding = 4; lastKnownFileType = sourcecode.c.objc; path = KSAnswerBuilderTests.m; sourceTree = "<group>"; };
		5C1EE2B116E20FB000F0AB67 /* KSAnswerBuilder.h */ = {isa = PBXFileReference; fileEncoding = 4; lastKnownFileType = sourcecode.c.h; path = KSAnswerBuilder.h; sourceTree = "<group>"; };
		5C1EE2B216E20FB000F0AB67 /* KSAnswerBuilder.m */ = {isa = PBXFileReference; fileEncoding = 4; lastKnownFileType = sourcecode.c.objc; path = KSAnswerBuilder.m; sourceTree = "<group>"; };
		5C75A9F91649A53C00FC7903 /* KSStackOverflowCommunicator.h */ = {isa = PBXFileReference; fileEncoding = 4; lastKnownFileType = sourcecode.c.h; path = KSStackOverflowCommunicator.h; sourceTree = "<group>"; };
		5C75A9FA1649A53C00FC7903 /* KSStackOverflowCommunicator.m */ = {isa = PBXFileReference; fileEncoding = 4; lastKnownFileType = sourcecode.c.objc; path = KSStackOverflowCommunicator.m; sourceTree = "<group>"; };
		5C83285316486A7700439674 /* KSQuestionCreationWorkflowTests.h */ = {isa = PBXFileReference; fileEncoding = 4; lastKnownFileType = sourcecode.c.h; path = KSQuestionCreationWorkflowTests.h; sourceTree = "<group>"; };
		5C83285416486A7700439674 /* KSQuestionCreationWorkflowTests.m */ = {isa = PBXFileReference; fileEncoding = 4; lastKnownFileType = sourcecode.c.objc; path = KSQuestionCreationWorkflowTests.m; sourceTree = "<group>"; };
		5C83285716486B6800439674 /* KSStackOverflowManager.h */ = {isa = PBXFileReference; fileEncoding = 4; lastKnownFileType = sourcecode.c.h; path = KSStackOverflowManager.h; sourceTree = "<group>"; };
		5C83285816486B6800439674 /* KSStackOverflowManager.m */ = {isa = PBXFileReference; fileEncoding = 4; lastKnownFileType = sourcecode.c.objc; path = KSStackOverflowManager.m; sourceTree = "<group>"; };
		5C8387E316F7BC3500CE31C9 /* KSPersonBuilder.h */ = {isa = PBXFileReference; fileEncoding = 4; lastKnownFileType = sourcecode.c.h; path = KSPersonBuilder.h; sourceTree = "<group>"; };
		5C8387E416F7BC3500CE31C9 /* KSPersonBuilder.m */ = {isa = PBXFileReference; fileEncoding = 4; lastKnownFileType = sourcecode.c.objc; path = KSPersonBuilder.m; sourceTree = "<group>"; };
		5C8387E616F7C4FA00CE31C9 /* KSStackOverflowCommunicatorTests.h */ = {isa = PBXFileReference; fileEncoding = 4; lastKnownFileType = sourcecode.c.h; path = KSStackOverflowCommunicatorTests.h; sourceTree = "<group>"; };
		5C8387E716F7C4FA00CE31C9 /* KSStackOverflowCommunicatorTests.m */ = {isa = PBXFileReference; fileEncoding = 4; lastKnownFileType = sourcecode.c.objc; path = KSStackOverflowCommunicatorTests.m; sourceTree = "<group>"; };
		5C8387EA16F7C5E800CE31C9 /* KSInspectableStackOverflowCommunicator.h */ = {isa = PBXFileReference; fileEncoding = 4; lastKnownFileType = sourcecode.c.h; path = KSInspectableStackOverflowCommunicator.h; sourceTree = "<group>"; };
		5C8387EB16F7C5E800CE31C9 /* KSInspectableStackOverflowCommunicator.m */ = {isa = PBXFileReference; fileEncoding = 4; lastKnownFileType = sourcecode.c.objc; path = KSInspectableStackOverflowCommunicator.m; sourceTree = "<group>"; };
		5CE9FA8E1649A3EF00ED0C13 /* libOCMock.a */ = {isa = PBXFileReference; lastKnownFileType = archive.ar; path = libOCMock.a; sourceTree = "<group>"; };
		5CE9FA8F1649A3EF00ED0C13 /* NSNotificationCenter+OCMAdditions.h */ = {isa = PBXFileReference; fileEncoding = 4; lastKnownFileType = sourcecode.c.h; path = "NSNotificationCenter+OCMAdditions.h"; sourceTree = "<group>"; };
		5CE9FA901649A3EF00ED0C13 /* OCMArg.h */ = {isa = PBXFileReference; fileEncoding = 4; lastKnownFileType = sourcecode.c.h; path = OCMArg.h; sourceTree = "<group>"; };
		5CE9FA911649A3EF00ED0C13 /* OCMConstraint.h */ = {isa = PBXFileReference; fileEncoding = 4; lastKnownFileType = sourcecode.c.h; path = OCMConstraint.h; sourceTree = "<group>"; };
		5CE9FA921649A3EF00ED0C13 /* OCMock.h */ = {isa = PBXFileReference; fileEncoding = 4; lastKnownFileType = sourcecode.c.h; path = OCMock.h; sourceTree = "<group>"; };
		5CE9FA931649A3EF00ED0C13 /* OCMockObject.h */ = {isa = PBXFileReference; fileEncoding = 4; lastKnownFileType = sourcecode.c.h; path = OCMockObject.h; sourceTree = "<group>"; };
		5CE9FA941649A3EF00ED0C13 /* OCMockRecorder.h */ = {isa = PBXFileReference; fileEncoding = 4; lastKnownFileType = sourcecode.c.h; path = OCMockRecorder.h; sourceTree = "<group>"; };
/* End PBXFileReference section */

/* Begin PBXFrameworksBuildPhase section */
		5C016361164531BA00CD5C40 /* Frameworks */ = {
			isa = PBXFrameworksBuildPhase;
			buildActionMask = 2147483647;
			files = (
				5C016369164531BA00CD5C40 /* UIKit.framework in Frameworks */,
				5C01636B164531BA00CD5C40 /* Foundation.framework in Frameworks */,
				5C01636D164531BA00CD5C40 /* CoreGraphics.framework in Frameworks */,
			);
			runOnlyForDeploymentPostprocessing = 0;
		};
		5C01638A164531BA00CD5C40 /* Frameworks */ = {
			isa = PBXFrameworksBuildPhase;
			buildActionMask = 2147483647;
			files = (
				5C016390164531BA00CD5C40 /* SenTestingKit.framework in Frameworks */,
				5C016391164531BA00CD5C40 /* UIKit.framework in Frameworks */,
				5C016392164531BA00CD5C40 /* Foundation.framework in Frameworks */,
				5CE9FA951649A3EF00ED0C13 /* libOCMock.a in Frameworks */,
			);
			runOnlyForDeploymentPostprocessing = 0;
		};
/* End PBXFrameworksBuildPhase section */

/* Begin PBXGroup section */
		5C016359164531BA00CD5C40 = {
			isa = PBXGroup;
			children = (
				5CE9FA8D1649A3EF00ED0C13 /* OCMock */,
				5C01636E164531BA00CD5C40 /* browse-overflow */,
				5C016395164531BA00CD5C40 /* browse-overflowTests */,
				5C016367164531BA00CD5C40 /* Frameworks */,
				5C016365164531BA00CD5C40 /* Products */,
			);
			sourceTree = "<group>";
		};
		5C016365164531BA00CD5C40 /* Products */ = {
			isa = PBXGroup;
			children = (
				5C016364164531BA00CD5C40 /* browse-overflow.app */,
				5C01638E164531BA00CD5C40 /* browse-overflowTests.octest */,
			);
			name = Products;
			sourceTree = "<group>";
		};
		5C016367164531BA00CD5C40 /* Frameworks */ = {
			isa = PBXGroup;
			children = (
				5C016368164531BA00CD5C40 /* UIKit.framework */,
				5C01636A164531BA00CD5C40 /* Foundation.framework */,
				5C01636C164531BA00CD5C40 /* CoreGraphics.framework */,
				5C01638F164531BA00CD5C40 /* SenTestingKit.framework */,
			);
			name = Frameworks;
			sourceTree = "<group>";
		};
		5C01636E164531BA00CD5C40 /* browse-overflow */ = {
			isa = PBXGroup;
			children = (
				5C0163A7164531D900CD5C40 /* Classes */,
				5C0163A6164531D100CD5C40 /* Resources */,
				5C01636F164531BA00CD5C40 /* Supporting Files */,
			);
			path = "browse-overflow";
			sourceTree = "<group>";
		};
		5C01636F164531BA00CD5C40 /* Supporting Files */ = {
			isa = PBXGroup;
			children = (
				5C016370164531BA00CD5C40 /* browse-overflow-Info.plist */,
				5C016371164531BA00CD5C40 /* InfoPlist.strings */,
				5C016374164531BA00CD5C40 /* main.m */,
				5C016376164531BA00CD5C40 /* browse-overflow-Prefix.pch */,
				5C01637A164531BA00CD5C40 /* Default.png */,
				5C01637C164531BA00CD5C40 /* Default@2x.png */,
				5C01637E164531BA00CD5C40 /* Default-568h@2x.png */,
			);
			name = "Supporting Files";
			sourceTree = "<group>";
		};
		5C016395164531BA00CD5C40 /* browse-overflowTests */ = {
			isa = PBXGroup;
			children = (
				5C8387E916F7C5D200CE31C9 /* Inspectables */,
				5C1504B9164FDD4C00B36F49 /* Complex Mocks */,
				5C0163C01645508200CD5C40 /* KSAnswerTests.h */,
				5C0163C11645508200CD5C40 /* KSAnswerTests.m */,
				5C1EE2AE16E20F0B00F0AB67 /* KSAnswerBuilderTests.h */,
				5C1EE2AF16E20F0B00F0AB67 /* KSAnswerBuilderTests.m */,
				5C0163B91645447100CD5C40 /* KSPersonTests.h */,
				5C0163BA1645447100CD5C40 /* KSPersonTests.m */,
				5C1504BD164FEB2200B36F49 /* KSQuestionBuilderTests.h */,
				5C1504BE164FEB2200B36F49 /* KSQuestionBuilderTests.m */,
				5C83285316486A7700439674 /* KSQuestionCreationWorkflowTests.h */,
				5C83285416486A7700439674 /* KSQuestionCreationWorkflowTests.m */,
				5C0163B216453BFE00CD5C40 /* KSQuestionTests.h */,
				5C0163B316453BFE00CD5C40 /* KSQuestionTests.m */,
				5C8387E616F7C4FA00CE31C9 /* KSStackOverflowCommunicatorTests.h */,
				5C8387E716F7C4FA00CE31C9 /* KSStackOverflowCommunicatorTests.m */,
				5C0163A91645348600CD5C40 /* KSTopicTests.h */,
				5C0163AA1645348600CD5C40 /* KSTopicTests.m */,
				5C016396164531BA00CD5C40 /* Supporting Files */,
			);
			path = "browse-overflowTests";
			sourceTree = "<group>";
		};
		5C016396164531BA00CD5C40 /* Supporting Files */ = {
			isa = PBXGroup;
			children = (
				5C016397164531BA00CD5C40 /* browse-overflowTests-Info.plist */,
				5C016398164531BA00CD5C40 /* InfoPlist.strings */,
			);
			name = "Supporting Files";
			sourceTree = "<group>";
		};
		5C0163A6164531D100CD5C40 /* Resources */ = {
			isa = PBXGroup;
			children = (
				5C016380164531BA00CD5C40 /* MainStoryboard.storyboard */,
			);
			name = Resources;
			sourceTree = "<group>";
		};
		5C0163A7164531D900CD5C40 /* Classes */ = {
			isa = PBXGroup;
			children = (
				5C0163AC164534E000CD5C40 /* Model */,
				5C016377164531BA00CD5C40 /* KSAppDelegate.h */,
				5C016378164531BA00CD5C40 /* KSAppDelegate.m */,
				5C0163A8164531E700CD5C40 /* View Controllers */,
			);
			name = Classes;
			sourceTree = "<group>";
		};
		5C0163A8164531E700CD5C40 /* View Controllers */ = {
			isa = PBXGroup;
			children = (
				5C016383164531BA00CD5C40 /* KSMasterViewController.h */,
				5C016384164531BA00CD5C40 /* KSMasterViewController.m */,
				5C016386164531BA00CD5C40 /* KSDetailViewController.h */,
				5C016387164531BA00CD5C40 /* KSDetailViewController.m */,
			);
			name = "View Controllers";
			sourceTree = "<group>";
		};
		5C0163AC164534E000CD5C40 /* Model */ = {
			isa = PBXGroup;
			children = (
				5C0163C3164552F000CD5C40 /* KSAnswer.h */,
				5C0163C4164552F000CD5C40 /* KSAnswer.m */,
				5C1EE2B116E20FB000F0AB67 /* KSAnswerBuilder.h */,
				5C1EE2B216E20FB000F0AB67 /* KSAnswerBuilder.m */,
				5C0163BC1645475100CD5C40 /* KSPerson.h */,
				5C0163BD1645475100CD5C40 /* KSPerson.m */,
				5C0163B516453C5A00CD5C40 /* KSQuestion.h */,
				5C0163B616453C5A00CD5C40 /* KSQuestion.m */,
				5C1504B5164F130D00B36F49 /* KSQuestionBuilder.h */,
				5C1504B6164F130D00B36F49 /* KSQuestionBuilder.m */,
				5C75A9F91649A53C00FC7903 /* KSStackOverflowCommunicator.h */,
				5C75A9FA1649A53C00FC7903 /* KSStackOverflowCommunicator.m */,
				5C83285716486B6800439674 /* KSStackOverflowManager.h */,
				5C83285816486B6800439674 /* KSStackOverflowManager.m */,
				5C0163AD164534F100CD5C40 /* KSTopic.h */,
				5C0163AE164534F100CD5C40 /* KSTopic.m */,
				5C8387E316F7BC3500CE31C9 /* KSPersonBuilder.h */,
				5C8387E416F7BC3500CE31C9 /* KSPersonBuilder.m */,
			);
			name = Model;
			sourceTree = "<group>";
		};
		5C1504B9164FDD4C00B36F49 /* Complex Mocks */ = {
			isa = PBXGroup;
			children = (
				5C1504BA164FDD6400B36F49 /* KSQuestionBuilderMock.h */,
				5C1504BB164FDD6400B36F49 /* KSQuestionBuilderMock.m */,
			);
			name = "Complex Mocks";
			sourceTree = "<group>";
		};
		5C8387E916F7C5D200CE31C9 /* Inspectables */ = {
			isa = PBXGroup;
			children = (
				5C8387EA16F7C5E800CE31C9 /* KSInspectableStackOverflowCommunicator.h */,
				5C8387EB16F7C5E800CE31C9 /* KSInspectableStackOverflowCommunicator.m */,
			);
			name = Inspectables;
			sourceTree = "<group>";
		};
		5CE9FA8D1649A3EF00ED0C13 /* OCMock */ = {
			isa = PBXGroup;
			children = (
				5CE9FA8E1649A3EF00ED0C13 /* libOCMock.a */,
				5CE9FA8F1649A3EF00ED0C13 /* NSNotificationCenter+OCMAdditions.h */,
				5CE9FA901649A3EF00ED0C13 /* OCMArg.h */,
				5CE9FA911649A3EF00ED0C13 /* OCMConstraint.h */,
				5CE9FA921649A3EF00ED0C13 /* OCMock.h */,
				5CE9FA931649A3EF00ED0C13 /* OCMockObject.h */,
				5CE9FA941649A3EF00ED0C13 /* OCMockRecorder.h */,
			);
			path = OCMock;
			sourceTree = "<group>";
		};
/* End PBXGroup section */

/* Begin PBXNativeTarget section */
		5C016363164531BA00CD5C40 /* browse-overflow */ = {
			isa = PBXNativeTarget;
			buildConfigurationList = 5C0163A0164531BB00CD5C40 /* Build configuration list for PBXNativeTarget "browse-overflow" */;
			buildPhases = (
				5C016360164531BA00CD5C40 /* Sources */,
				5C016361164531BA00CD5C40 /* Frameworks */,
				5C016362164531BA00CD5C40 /* Resources */,
			);
			buildRules = (
			);
			dependencies = (
			);
			name = "browse-overflow";
			productName = "browse-overflow";
			productReference = 5C016364164531BA00CD5C40 /* browse-overflow.app */;
			productType = "com.apple.product-type.application";
		};
		5C01638D164531BA00CD5C40 /* browse-overflowTests */ = {
			isa = PBXNativeTarget;
			buildConfigurationList = 5C0163A3164531BB00CD5C40 /* Build configuration list for PBXNativeTarget "browse-overflowTests" */;
			buildPhases = (
				5C016389164531BA00CD5C40 /* Sources */,
				5C01638A164531BA00CD5C40 /* Frameworks */,
				5C01638B164531BA00CD5C40 /* Resources */,
				5C01638C164531BA00CD5C40 /* ShellScript */,
			);
			buildRules = (
			);
			dependencies = (
				5C016394164531BA00CD5C40 /* PBXTargetDependency */,
			);
			name = "browse-overflowTests";
			productName = "browse-overflowTests";
			productReference = 5C01638E164531BA00CD5C40 /* browse-overflowTests.octest */;
			productType = "com.apple.product-type.bundle";
		};
/* End PBXNativeTarget section */

/* Begin PBXProject section */
		5C01635B164531BA00CD5C40 /* Project object */ = {
			isa = PBXProject;
			attributes = {
				CLASSPREFIX = KS;
				LastUpgradeCheck = 0450;
				ORGANIZATIONNAME = "Mauricio Hanika";
			};
			buildConfigurationList = 5C01635E164531BA00CD5C40 /* Build configuration list for PBXProject "browse-overflow" */;
			compatibilityVersion = "Xcode 3.2";
			developmentRegion = English;
			hasScannedForEncodings = 0;
			knownRegions = (
				en,
			);
			mainGroup = 5C016359164531BA00CD5C40;
			productRefGroup = 5C016365164531BA00CD5C40 /* Products */;
			projectDirPath = "";
			projectRoot = "";
			targets = (
				5C016363164531BA00CD5C40 /* browse-overflow */,
				5C01638D164531BA00CD5C40 /* browse-overflowTests */,
			);
		};
/* End PBXProject section */

/* Begin PBXResourcesBuildPhase section */
		5C016362164531BA00CD5C40 /* Resources */ = {
			isa = PBXResourcesBuildPhase;
			buildActionMask = 2147483647;
			files = (
				5C016373164531BA00CD5C40 /* InfoPlist.strings in Resources */,
				5C01637B164531BA00CD5C40 /* Default.png in Resources */,
				5C01637D164531BA00CD5C40 /* Default@2x.png in Resources */,
				5C01637F164531BA00CD5C40 /* Default-568h@2x.png in Resources */,
				5C016382164531BA00CD5C40 /* MainStoryboard.storyboard in Resources */,
			);
			runOnlyForDeploymentPostprocessing = 0;
		};
		5C01638B164531BA00CD5C40 /* Resources */ = {
			isa = PBXResourcesBuildPhase;
			buildActionMask = 2147483647;
			files = (
				5C01639A164531BA00CD5C40 /* InfoPlist.strings in Resources */,
			);
			runOnlyForDeploymentPostprocessing = 0;
		};
/* End PBXResourcesBuildPhase section */

/* Begin PBXShellScriptBuildPhase section */
		5C01638C164531BA00CD5C40 /* ShellScript */ = {
			isa = PBXShellScriptBuildPhase;
			buildActionMask = 2147483647;
			files = (
			);
			inputPaths = (
			);
			outputPaths = (
			);
			runOnlyForDeploymentPostprocessing = 0;
			shellPath = /bin/sh;
			shellScript = "# Run the unit tests in this test bundle.\n\"${SYSTEM_DEVELOPER_DIR}/Tools/RunUnitTests\"\n";
		};
/* End PBXShellScriptBuildPhase section */

/* Begin PBXSourcesBuildPhase section */
		5C016360164531BA00CD5C40 /* Sources */ = {
			isa = PBXSourcesBuildPhase;
			buildActionMask = 2147483647;
			files = (
				5C016375164531BA00CD5C40 /* main.m in Sources */,
				5C016379164531BA00CD5C40 /* KSAppDelegate.m in Sources */,
				5C016385164531BA00CD5C40 /* KSMasterViewController.m in Sources */,
				5C016388164531BA00CD5C40 /* KSDetailViewController.m in Sources */,
				5C0163AF164534F100CD5C40 /* KSTopic.m in Sources */,
				5C0163B716453C5A00CD5C40 /* KSQuestion.m in Sources */,
				5C0163BE1645475100CD5C40 /* KSPerson.m in Sources */,
				5C0163C5164552F000CD5C40 /* KSAnswer.m in Sources */,
				5C83285916486B6800439674 /* KSStackOverflowManager.m in Sources */,
				5C75A9FB1649A53C00FC7903 /* KSStackOverflowCommunicator.m in Sources */,
				5C1504B7164F130D00B36F49 /* KSQuestionBuilder.m in Sources */,
				5C1EE2B316E20FB000F0AB67 /* KSAnswerBuilder.m in Sources */,
				5C8387E516F7BC3500CE31C9 /* KSPersonBuilder.m in Sources */,
			);
			runOnlyForDeploymentPostprocessing = 0;
		};
		5C016389164531BA00CD5C40 /* Sources */ = {
			isa = PBXSourcesBuildPhase;
			buildActionMask = 2147483647;
			files = (
				5C0163AB1645348600CD5C40 /* KSTopicTests.m in Sources */,
				5C0163B1164534F600CD5C40 /* KSTopic.m in Sources */,
				5C0163B416453BFE00CD5C40 /* KSQuestionTests.m in Sources */,
				5C0163B816453C5A00CD5C40 /* KSQuestion.m in Sources */,
				5C0163BB1645447100CD5C40 /* KSPersonTests.m in Sources */,
				5C0163BF1645475100CD5C40 /* KSPerson.m in Sources */,
				5C0163C21645508200CD5C40 /* KSAnswerTests.m in Sources */,
				5C0163C6164552F000CD5C40 /* KSAnswer.m in Sources */,
				5C83285516486A7700439674 /* KSQuestionCreationWorkflowTests.m in Sources */,
				5C83285A16486B6800439674 /* KSStackOverflowManager.m in Sources */,
				5C75A9FC1649A53C00FC7903 /* KSStackOverflowCommunicator.m in Sources */,
				5C1504B8164F134300B36F49 /* KSQuestionBuilder.m in Sources */,
				5C1504BC164FDD6400B36F49 /* KSQuestionBuilderMock.m in Sources */,
				5C1504BF164FEB2200B36F49 /* KSQuestionBuilderTests.m in Sources */,
				5C1EE2B016E20F0B00F0AB67 /* KSAnswerBuilderTests.m in Sources */,
				5C1EE2B416E20FBD00F0AB67 /* KSAnswerBuilder.m in Sources */,
				5C8387E816F7C4FA00CE31C9 /* KSStackOverflowCommunicatorTests.m in Sources */,
				5C8387EC16F7C5E800CE31C9 /* KSInspectableStackOverflowCommunicator.m in Sources */,
			);
			runOnlyForDeploymentPostprocessing = 0;
		};
/* End PBXSourcesBuildPhase section */

/* Begin PBXTargetDependency section */
		5C016394164531BA00CD5C40 /* PBXTargetDependency */ = {
			isa = PBXTargetDependency;
			target = 5C016363164531BA00CD5C40 /* browse-overflow */;
			targetProxy = 5C016393164531BA00CD5C40 /* PBXContainerItemProxy */;
		};
/* End PBXTargetDependency section */

/* Begin PBXVariantGroup section */
		5C016371164531BA00CD5C40 /* InfoPlist.strings */ = {
			isa = PBXVariantGroup;
			children = (
				5C016372164531BA00CD5C40 /* en */,
			);
			name = InfoPlist.strings;
			sourceTree = "<group>";
		};
		5C016380164531BA00CD5C40 /* MainStoryboard.storyboard */ = {
			isa = PBXVariantGroup;
			children = (
				5C016381164531BA00CD5C40 /* en */,
			);
			name = MainStoryboard.storyboard;
			sourceTree = "<group>";
		};
		5C016398164531BA00CD5C40 /* InfoPlist.strings */ = {
			isa = PBXVariantGroup;
			children = (
				5C016399164531BA00CD5C40 /* en */,
			);
			name = InfoPlist.strings;
			sourceTree = "<group>";
		};
/* End PBXVariantGroup section */

/* Begin XCBuildConfiguration section */
		5C01639E164531BB00CD5C40 /* Debug */ = {
			isa = XCBuildConfiguration;
			buildSettings = {
				ALWAYS_SEARCH_USER_PATHS = NO;
				CLANG_CXX_LANGUAGE_STANDARD = "gnu++0x";
				CLANG_CXX_LIBRARY = "libc++";
				CLANG_ENABLE_OBJC_ARC = YES;
				CLANG_WARN_EMPTY_BODY = YES;
				CLANG_WARN__DUPLICATE_METHOD_MATCH = YES;
				"CODE_SIGN_IDENTITY[sdk=iphoneos*]" = "iPhone Developer";
				COPY_PHASE_STRIP = NO;
				GCC_C_LANGUAGE_STANDARD = gnu99;
				GCC_DYNAMIC_NO_PIC = NO;
				GCC_OPTIMIZATION_LEVEL = 0;
				GCC_PREPROCESSOR_DEFINITIONS = (
					"DEBUG=1",
					"$(inherited)",
				);
				GCC_SYMBOLS_PRIVATE_EXTERN = NO;
				GCC_WARN_ABOUT_RETURN_TYPE = YES;
				GCC_WARN_UNINITIALIZED_AUTOS = YES;
				GCC_WARN_UNUSED_VARIABLE = YES;
				IPHONEOS_DEPLOYMENT_TARGET = 6.0;
				ONLY_ACTIVE_ARCH = YES;
				SDKROOT = iphoneos;
			};
			name = Debug;
		};
		5C01639F164531BB00CD5C40 /* Release */ = {
			isa = XCBuildConfiguration;
			buildSettings = {
				ALWAYS_SEARCH_USER_PATHS = NO;
				CLANG_CXX_LANGUAGE_STANDARD = "gnu++0x";
				CLANG_CXX_LIBRARY = "libc++";
				CLANG_ENABLE_OBJC_ARC = YES;
				CLANG_WARN_EMPTY_BODY = YES;
				CLANG_WARN__DUPLICATE_METHOD_MATCH = YES;
				"CODE_SIGN_IDENTITY[sdk=iphoneos*]" = "iPhone Developer";
				COPY_PHASE_STRIP = YES;
				GCC_C_LANGUAGE_STANDARD = gnu99;
				GCC_WARN_ABOUT_RETURN_TYPE = YES;
				GCC_WARN_UNINITIALIZED_AUTOS = YES;
				GCC_WARN_UNUSED_VARIABLE = YES;
				IPHONEOS_DEPLOYMENT_TARGET = 6.0;
				OTHER_CFLAGS = "-DNS_BLOCK_ASSERTIONS=1";
				SDKROOT = iphoneos;
				VALIDATE_PRODUCT = YES;
			};
			name = Release;
		};
		5C0163A1164531BB00CD5C40 /* Debug */ = {
			isa = XCBuildConfiguration;
			buildSettings = {
				GCC_PRECOMPILE_PREFIX_HEADER = YES;
				GCC_PREFIX_HEADER = "browse-overflow/browse-overflow-Prefix.pch";
				INFOPLIST_FILE = "browse-overflow/browse-overflow-Info.plist";
				PRODUCT_NAME = "$(TARGET_NAME)";
				WRAPPER_EXTENSION = app;
			};
			name = Debug;
		};
		5C0163A2164531BB00CD5C40 /* Release */ = {
			isa = XCBuildConfiguration;
			buildSettings = {
				GCC_PRECOMPILE_PREFIX_HEADER = YES;
				GCC_PREFIX_HEADER = "browse-overflow/browse-overflow-Prefix.pch";
				INFOPLIST_FILE = "browse-overflow/browse-overflow-Info.plist";
				PRODUCT_NAME = "$(TARGET_NAME)";
				WRAPPER_EXTENSION = app;
			};
			name = Release;
		};
		5C0163A4164531BB00CD5C40 /* Debug */ = {
			isa = XCBuildConfiguration;
			buildSettings = {
				BUNDLE_LOADER = "$(BUILT_PRODUCTS_DIR)/browse-overflow.app/browse-overflow";
				FRAMEWORK_SEARCH_PATHS = (
					"\"$(SDKROOT)/Developer/Library/Frameworks\"",
					"\"$(DEVELOPER_LIBRARY_DIR)/Frameworks\"",
				);
				GCC_PRECOMPILE_PREFIX_HEADER = YES;
				GCC_PREFIX_HEADER = "browse-overflow/browse-overflow-Prefix.pch";
				HEADER_SEARCH_PATHS = "\"$(SRCROOT)\"";
				INFOPLIST_FILE = "browse-overflowTests/browse-overflowTests-Info.plist";
				LIBRARY_SEARCH_PATHS = (
					"$(inherited)",
					"\"$(SRCROOT)/OCMock\"",
				);
				OTHER_LDFLAGS = (
					"-force_load",
					"\"$(SRCROOT)/OCMock/libOCMock.a\"",
					"-ObjC",
				);
				PRODUCT_NAME = "$(TARGET_NAME)";
				TEST_HOST = "$(BUNDLE_LOADER)";
				USER_HEADER_SEARCH_PATHS = "";
				WRAPPER_EXTENSION = octest;
			};
			name = Debug;
		};
		5C0163A5164531BB00CD5C40 /* Release */ = {
			isa = XCBuildConfiguration;
			buildSettings = {
				BUNDLE_LOADER = "$(BUILT_PRODUCTS_DIR)/browse-overflow.app/browse-overflow";
				FRAMEWORK_SEARCH_PATHS = (
					"\"$(SDKROOT)/Developer/Library/Frameworks\"",
					"\"$(DEVELOPER_LIBRARY_DIR)/Frameworks\"",
				);
				GCC_PRECOMPILE_PREFIX_HEADER = YES;
				GCC_PREFIX_HEADER = "browse-overflow/browse-overflow-Prefix.pch";
				HEADER_SEARCH_PATHS = "\"$(SRCROOT)\"";
				INFOPLIST_FILE = "browse-overflowTests/browse-overflowTests-Info.plist";
				LIBRARY_SEARCH_PATHS = (
					"$(inherited)",
					"\"$(SRCROOT)/OCMock\"",
				);
				OTHER_LDFLAGS = (
					"-force_load",
					"\"$(SRCROOT)/OCMock/libOCMock.a\"",
					"-ObjC",
				);
				PRODUCT_NAME = "$(TARGET_NAME)";
				TEST_HOST = "$(BUNDLE_LOADER)";
				USER_HEADER_SEARCH_PATHS = "";
				WRAPPER_EXTENSION = octest;
			};
			name = Release;
		};
/* End XCBuildConfiguration section */

/* Begin XCConfigurationList section */
		5C01635E164531BA00CD5C40 /* Build configuration list for PBXProject "browse-overflow" */ = {
			isa = XCConfigurationList;
			buildConfigurations = (
				5C01639E164531BB00CD5C40 /* Debug */,
				5C01639F164531BB00CD5C40 /* Release */,
			);
			defaultConfigurationIsVisible = 0;
			defaultConfigurationName = Release;
		};
		5C0163A0164531BB00CD5C40 /* Build configuration list for PBXNativeTarget "browse-overflow" */ = {
			isa = XCConfigurationList;
			buildConfigurations = (
				5C0163A1164531BB00CD5C40 /* Debug */,
				5C0163A2164531BB00CD5C40 /* Release */,
			);
			defaultConfigurationIsVisible = 0;
			defaultConfigurationName = Release;
		};
		5C0163A3164531BB00CD5C40 /* Build configuration list for PBXNativeTarget "browse-overflowTests" */ = {
			isa = XCConfigurationList;
			buildConfigurations = (
				5C0163A4164531BB00CD5C40 /* Debug */,
				5C0163A5164531BB00CD5C40 /* Release */,
			);
			defaultConfigurationIsVisible = 0;
			defaultConfigurationName = Release;
		};
/* End XCConfigurationList section */
	};
	rootObject = 5C01635B164531BA00CD5C40 /* Project object */;
}
